
Microsoft Visual Studio Solution File, Format Version 12.00
# Visual Studio Version 17
VisualStudioVersion = 17.14.36414.22
MinimumVisualStudioVersion = 10.0.40219.1
Project("{FAE04EC0-301F-11D3-BF4B-00C04F79EFBC}") = "ApiSalvaVidas", "ApiSalvaVidas.csproj", "{2A78D3BF-A10F-4335-AA56-C67805D5F564}"
EndProject
Project("{FAE04EC0-301F-11D3-BF4B-00C04F79EFBC}") = "ApiSalvaVidas.Compartidos", "..\ApiSalvaVidas.Compartidos\ApiSalvaVidas.Compartidos.csproj", "{256E022E-CAB6-D21A-AF6B-F06C4B022447}"
EndProject
Project("{FAE04EC0-301F-11D3-BF4B-00C04F79EFBC}") = "ApiSalvaVidas.Front", "..\ApiSalvaVidas.Front\ApiSalvaVidas.Front.csproj", "{EAB2A74C-0ACE-4A91-9FE1-B179E519A703}"
EndProject
Global
	GlobalSection(SolutionConfigurationPlatforms) = preSolution
		Debug|Any CPU = Debug|Any CPU
		Release|Any CPU = Release|Any CPU
	EndGlobalSection
	GlobalSection(ProjectConfigurationPlatforms) = postSolution
		{2A78D3BF-A10F-4335-AA56-C67805D5F564}.Debug|Any CPU.ActiveCfg = Debug|Any CPU
		{2A78D3BF-A10F-4335-AA56-C67805D5F564}.Debug|Any CPU.Build.0 = Debug|Any CPU
		{2A78D3BF-A10F-4335-AA56-C67805D5F564}.Release|Any CPU.ActiveCfg = Release|Any CPU
		{2A78D3BF-A10F-4335-AA56-C67805D5F564}.Release|Any CPU.Build.0 = Release|Any CPU
		{256E022E-CAB6-D21A-AF6B-F06C4B022447}.Debug|Any CPU.ActiveCfg = Debug|Any CPU
		{256E022E-CAB6-D21A-AF6B-F06C4B022447}.Debug|Any CPU.Build.0 = Debug|Any CPU
		{256E022E-CAB6-D21A-AF6B-F06C4B022447}.Release|Any CPU.ActiveCfg = Release|Any CPU
		{256E022E-CAB6-D21A-AF6B-F06C4B022447}.Release|Any CPU.Build.0 = Release|Any CPU
		{EAB2A74C-0ACE-4A91-9FE1-B179E519A703}.Debug|Any CPU.ActiveCfg = Debug|Any CPU
		{EAB2A74C-0ACE-4A91-9FE1-B179E519A703}.Debug|Any CPU.Build.0 = Debug|Any CPU
		{EAB2A74C-0ACE-4A91-9FE1-B179E519A703}.Debug|Any CPU.Deploy.0 = Debug|Any CPU
		{EAB2A74C-0ACE-4A91-9FE1-B179E519A703}.Release|Any CPU.ActiveCfg = Release|Any CPU
		{EAB2A74C-0ACE-4A91-9FE1-B179E519A703}.Release|Any CPU.Build.0 = Release|Any CPU
	EndGlobalSection
	GlobalSection(SolutionProperties) = preSolution
		HideSolutionNode = FALSE
	EndGlobalSection
	GlobalSection(ExtensibilityGlobals) = postSolution
		SolutionGuid = {32EBC911-9273-4AA9-9A43-D4BBC9909860}
	EndGlobalSection
EndGlobal
